lockfileVersion: '6.0'

settings:
  autoInstallPeers: true
  excludeLinksFromLockfile: false

dependencies:
  '@libsql/client':
    specifier: ^0.7.0
    version: 0.7.0
  drizzle-orm:
    specifier: ^0.32.0
    version: 0.32.0(@libsql/client@0.7.0)
  p-limit:
    specifier: ^6.1.0
    version: 6.1.0

devDependencies:
  '@types/node':
    specifier: ^20.14.7
    version: 20.14.11
  '@types/uuid':
    specifier: ^10.0.0
    version: 10.0.0
  typescript:
    specifier: ^5.5.2
    version: 5.5.3

packages:

  /@libsql/client@0.7.0:
    resolution: {integrity: sha512-1aLDtWzsErr68GZ640TVyOLkL/+lB2YK8cYvJIfiI7Mt+DEPB22Jkoz2QfBDg5PVGX/efeRHog2j/oVbUhxO8Q==}
    dependencies:
      '@libsql/core': 0.7.0
      '@libsql/hrana-client': 0.6.2
      js-base64: 3.7.7
      libsql: 0.3.19
      promise-limit: 2.7.0
    transitivePeerDependencies:
      - bufferutil
      - utf-8-validate
    dev: false

  /@libsql/core@0.7.0:
    resolution: {integrity: sha512-hCYfXa0S4t9CJtxZIWacboylrcx94ZQO0dEngH4f0f/LHg6ymHSZiubbojAwD7tNy94ahICoGPjEi6aEIyhlcQ==}
    dependencies:
      js-base64: 3.7.7
    dev: false

  /@libsql/darwin-arm64@0.3.19:
    resolution: {integrity: sha512-rmOqsLcDI65zzxlUOoEiPJLhqmbFsZF6p4UJQ2kMqB+Kc0Rt5/A1OAdOZ/Wo8fQfJWjR1IbkbpEINFioyKf+nQ==}
    cpu: [arm64]
    os: [darwin]
    requiresBuild: true
    dev: false
    optional: true

  /@libsql/darwin-x64@0.3.19:
    resolution: {integrity: sha512-q9O55B646zU+644SMmOQL3FIfpmEvdWpRpzubwFc2trsa+zoBlSkHuzU9v/C+UNoPHQVRMP7KQctJ455I/h/xw==}
    cpu: [x64]
    os: [darwin]
    requiresBuild: true
    dev: false
    optional: true

  /@libsql/hrana-client@0.6.2:
    resolution: {integrity: sha512-MWxgD7mXLNf9FXXiM0bc90wCjZSpErWKr5mGza7ERy2FJNNMXd7JIOv+DepBA1FQTIfI8TFO4/QDYgaQC0goNw==}
    dependencies:
      '@libsql/isomorphic-fetch': 0.2.1
      '@libsql/isomorphic-ws': 0.1.5
      js-base64: 3.7.7
      node-fetch: 3.3.2
    transitivePeerDependencies:
      - bufferutil
      - utf-8-validate
    dev: false

  /@libsql/isomorphic-fetch@0.2.1:
    resolution: {integrity: sha512-Sv07QP1Aw8A5OOrmKgRUBKe2fFhF2hpGJhtHe3d1aRnTESZCGkn//0zDycMKTGamVWb3oLYRroOsCV8Ukes9GA==}
    dev: false

  /@libsql/isomorphic-ws@0.1.5:
    resolution: {integrity: sha512-DtLWIH29onUYR00i0GlQ3UdcTRC6EP4u9w/h9LxpUZJWRMARk6dQwZ6Jkd+QdwVpuAOrdxt18v0K2uIYR3fwFg==}
    dependencies:
      '@types/ws': 8.5.11
      ws: 8.18.0
    transitivePeerDependencies:
      - bufferutil
      - utf-8-validate
    dev: false

  /@libsql/linux-arm64-gnu@0.3.19:
    resolution: {integrity: sha512-mgeAUU1oqqh57k7I3cQyU6Trpdsdt607eFyEmH5QO7dv303ti+LjUvh1pp21QWV6WX7wZyjeJV1/VzEImB+jRg==}
    cpu: [arm64]
    os: [linux]
    requiresBuild: true
    dev: false
    optional: true

  /@libsql/linux-arm64-musl@0.3.19:
    resolution: {integrity: sha512-VEZtxghyK6zwGzU9PHohvNxthruSxBEnRrX7BSL5jQ62tN4n2JNepJ6SdzXp70pdzTfwroOj/eMwiPt94gkVRg==}
    cpu: [arm64]
    os: [linux]
    requiresBuild: true
    dev: false
    optional: true

  /@libsql/linux-x64-gnu@0.3.19:
    resolution: {integrity: sha512-2t/J7LD5w2f63wGihEO+0GxfTyYIyLGEvTFEsMO16XI5o7IS9vcSHrxsvAJs4w2Pf907uDjmc7fUfMg6L82BrQ==}
    cpu: [x64]
    os: [linux]
    requiresBuild: true
    dev: false
    optional: true

  /@libsql/linux-x64-musl@0.3.19:
    resolution: {integrity: sha512-BLsXyJaL8gZD8+3W2LU08lDEd9MIgGds0yPy5iNPp8tfhXx3pV/Fge2GErN0FC+nzt4DYQtjL+A9GUMglQefXQ==}
    cpu: [x64]
    os: [linux]
    requiresBuild: true
    dev: false
    optional: true

  /@libsql/win32-x64-msvc@0.3.19:
    resolution: {integrity: sha512-ay1X9AobE4BpzG0XPw1gplyLZPGHIgJOovvW23gUrukRegiUP62uzhpRbKNogLlUOynyXeq//prHgPXiebUfWg==}
    cpu: [x64]
    os: [win32]
    requiresBuild: true
    dev: false
    optional: true

  /@neon-rs/load@0.0.4:
    resolution: {integrity: sha512-kTPhdZyTQxB+2wpiRcFWrDcejc4JI6tkPuS7UZCG4l6Zvc5kU/gGQ/ozvHTh1XR5tS+UlfAfGuPajjzQjCiHCw==}
    dev: false

  /@types/node@20.14.11:
    resolution: {integrity: sha512-kprQpL8MMeszbz6ojB5/tU8PLN4kesnN8Gjzw349rDlNgsSzg90lAVj3llK99Dh7JON+t9AuscPPFW6mPbTnSA==}
    dependencies:
      undici-types: 5.26.5

  /@types/uuid@10.0.0:
    resolution: {integrity: sha512-7gqG38EyHgyP1S+7+xomFtL+ZNHcKv6DwNaCZmJmo1vgMugyF3TCnXVg4t1uk89mLNwnLtnY3TpOpCOyp1/xHQ==}
    dev: true

  /@types/ws@8.5.11:
    resolution: {integrity: sha512-4+q7P5h3SpJxaBft0Dzpbr6lmMaqh0Jr2tbhJZ/luAwvD7ohSCniYkwz/pLxuT2h0EOa6QADgJj1Ko+TzRfZ+w==}
    dependencies:
      '@types/node': 20.14.11
    dev: false

  /data-uri-to-buffer@4.0.1:
    resolution: {integrity: sha512-0R9ikRb668HB7QDxT1vkpuUBtqc53YyAwMwGeUFKRojY/NWKvdZ+9UYtRfGmhqNbRkTSVpMbmyhXipFFv2cb/A==}
    engines: {node: '>= 12'}
    dev: false

  /detect-libc@2.0.2:
    resolution: {integrity: sha512-UX6sGumvvqSaXgdKGUsgZWqcUyIXZ/vZTrlRT/iobiKhGL0zL4d3osHj3uqllWJK+i+sixDS/3COVEOFbupFyw==}
    engines: {node: '>=8'}
    dev: false

  /drizzle-orm@0.32.0(@libsql/client@0.7.0):
    resolution: {integrity: sha512-99IlfVGPNHzOFEXo9Phyu5At5TALLsY2t6WxFFy68rYd9Ej4cHX/7WjdPOn7JNRW69MNeNtP8XrDQg43SppuAA==}
    peerDependencies:
      '@aws-sdk/client-rds-data': '>=3'
      '@cloudflare/workers-types': '>=3'
      '@electric-sql/pglite': '>=0.1.1'
      '@libsql/client': '*'
      '@neondatabase/serverless': '>=0.1'
      '@op-engineering/op-sqlite': '>=2'
      '@opentelemetry/api': ^1.4.1
      '@planetscale/database': '>=1'
      '@prisma/client': '*'
      '@tidbcloud/serverless': '*'
      '@types/better-sqlite3': '*'
      '@types/pg': '*'
      '@types/react': '>=18'
      '@types/sql.js': '*'
      '@vercel/postgres': '>=0.8.0'
      '@xata.io/client': '*'
      better-sqlite3: '>=7'
      bun-types: '*'
      expo-sqlite: '>=13.2.0'
      knex: '*'
      kysely: '*'
      mysql2: '>=2'
      pg: '>=8'
      postgres: '>=3'
      prisma: '*'
      react: '>=18'
      sql.js: '>=1'
      sqlite3: '>=5'
    peerDependenciesMeta:
      '@aws-sdk/client-rds-data':
        optional: true
      '@cloudflare/workers-types':
        optional: true
      '@electric-sql/pglite':
        optional: true
      '@libsql/client':
        optional: true
      '@neondatabase/serverless':
        optional: true
      '@op-engineering/op-sqlite':
        optional: true
      '@opentelemetry/api':
        optional: true
      '@planetscale/database':
        optional: true
      '@prisma/client':
        optional: true
      '@tidbcloud/serverless':
        optional: true
      '@types/better-sqlite3':
        optional: true
      '@types/pg':
        optional: true
      '@types/react':
        optional: true
      '@types/sql.js':
        optional: true
      '@vercel/postgres':
        optional: true
      '@xata.io/client':
        optional: true
      better-sqlite3:
        optional: true
      bun-types:
        optional: true
      expo-sqlite:
        optional: true
      knex:
        optional: true
      kysely:
        optional: true
      mysql2:
        optional: true
      pg:
        optional: true
      postgres:
        optional: true
      prisma:
        optional: true
      react:
        optional: true
      sql.js:
        optional: true
      sqlite3:
        optional: true
    dependencies:
      '@libsql/client': 0.7.0
    dev: false

  /fetch-blob@3.2.0:
    resolution: {integrity: sha512-7yAQpD2UMJzLi1Dqv7qFYnPbaPx7ZfFK6PiIxQ4PfkGPyNyl2Ugx+a/umUonmKqjhM4DnfbMvdX6otXq83soQQ==}
    engines: {node: ^12.20 || >= 14.13}
    dependencies:
      node-domexception: 1.0.0
      web-streams-polyfill: 3.3.3
    dev: false

  /formdata-polyfill@4.0.10:
    resolution: {integrity: sha512-buewHzMvYL29jdeQTVILecSaZKnt/RJWjoZCF5OW60Z67/GmSLBkOFM7qh1PI3zFNtJbaZL5eQu1vLfazOwj4g==}
    engines: {node: '>=12.20.0'}
    dependencies:
      fetch-blob: 3.2.0
    dev: false

  /js-base64@3.7.7:
    resolution: {integrity: sha512-7rCnleh0z2CkXhH67J8K1Ytz0b2Y+yxTPL+/KOJoa20hfnVQ/3/T6W/KflYI4bRHRagNeXeU2bkNGI3v1oS/lw==}
    dev: false

  /libsql@0.3.19:
    resolution: {integrity: sha512-Aj5cQ5uk/6fHdmeW0TiXK42FqUlwx7ytmMLPSaUQPin5HKKKuUPD62MAbN4OEweGBBI7q1BekoEN4gPUEL6MZA==}
    cpu: [x64, arm64, wasm32]
    os: [darwin, linux, win32]
    dependencies:
      '@neon-rs/load': 0.0.4
      detect-libc: 2.0.2
    optionalDependencies:
      '@libsql/darwin-arm64': 0.3.19
      '@libsql/darwin-x64': 0.3.19
      '@libsql/linux-arm64-gnu': 0.3.19
      '@libsql/linux-arm64-musl': 0.3.19
      '@libsql/linux-x64-gnu': 0.3.19
      '@libsql/linux-x64-musl': 0.3.19
      '@libsql/win32-x64-msvc': 0.3.19
    dev: false

  /node-domexception@1.0.0:
    resolution: {integrity: sha512-/jKZoMpw0F8GRwl4/eLROPA3cfcXtLApP0QzLmUT/HuPCZWyB7IY9ZrMeKw2O/nFIqPQB3PVM9aYm0F312AXDQ==}
    engines: {node: '>=10.5.0'}
    dev: false

  /node-fetch@3.3.2:
    resolution: {integrity: sha512-dRB78srN/l6gqWulah9SrxeYnxeddIG30+GOqK/9OlLVyLg3HPnr6SqOWTWOXKRwC2eGYCkZ59NNuSgvSrpgOA==}
    engines: {node: ^12.20.0 || ^14.13.1 || >=16.0.0}
    dependencies:
      data-uri-to-buffer: 4.0.1
      fetch-blob: 3.2.0
      formdata-polyfill: 4.0.10
    dev: false

  /p-limit@6.1.0:
    resolution: {integrity: sha512-H0jc0q1vOzlEk0TqAKXKZxdl7kX3OFUzCnNVUnq5Pc3DGo0kpeaMuPqxQn235HibwBEb0/pm9dgKTjXy66fBkg==}
    engines: {node: '>=18'}
    dependencies:
      yocto-queue: 1.1.1
    dev: false

  /promise-limit@2.7.0:
    resolution: {integrity: sha512-7nJ6v5lnJsXwGprnGXga4wx6d1POjvi5Qmf1ivTRxTjH4Z/9Czja/UCMLVmB9N93GeWOU93XaFaEt6jbuoagNw==}
    dev: false

  /typescript@5.5.3:
    resolution: {integrity: sha512-/hreyEujaB0w76zKo6717l3L0o/qEUtRgdvUBvlkhoWeOVMjMuHNHk0BRBzikzuGDqNmPQbg5ifMEqsHLiIUcQ==}
    engines: {node: '>=14.17'}
    hasBin: true
    dev: true

  /undici-types@5.26.5:
    resolution: {integrity: sha512-JlCMO+ehdEIKqlFxk6IfVoAUVmgz7cU7zD/h9XZ0qzeosSHmUJVOzSQvvYSYWXkFXC+IfLKSIffhv0sVZup6pA==}

  /web-streams-polyfill@3.3.3:
    resolution: {integrity: sha512-d2JWLCivmZYTSIoge9MsgFCZrt571BikcWGYkjC1khllbTeDlGqZ2D8vD8E/lJa8WGWbb7Plm8/XJYV7IJHZZw==}
    engines: {node: '>= 8'}
    dev: false

  /ws@8.18.0:
    resolution: {integrity: sha512-8VbfWfHLbbwu3+N6OKsOMpBdT4kXPDDB9cJk2bJ6mh9ucxdlnNvH1e+roYkKmN9Nxw2yjz7VzeO9oOz2zJ04Pw==}
    engines: {node: '>=10.0.0'}
    peerDependencies:
      bufferutil: ^4.0.1
      utf-8-validate: '>=5.0.2'
    peerDependenciesMeta:
      bufferutil:
        optional: true
      utf-8-validate:
        optional: true
    dev: false

  /yocto-queue@1.1.1:
    resolution: {integrity: sha512-b4JR1PFR10y1mKjhHY9LaGo6tmrgjit7hxVIeAmyMw3jegXR4dhYqLaQF5zMXZxY7tLpMyJeLjr1C4rLmkVe8g==}
    engines: {node: '>=12.20'}
    dev: false
