lockfileVersion: '6.0'

settings:
  autoInstallPeers: true
  excludeLinksFromLockfile: false

dependencies:
  p-limit:
    specifier: ^5.0.0
    version: 5.0.0
  pocketbase:
    specifier: ^0.21.3
    version: 0.21.3

devDependencies:
  typescript:
    specifier: ^5.5.2
    version: 5.5.2

packages:

  /p-limit@5.0.0:
    resolution: {integrity: sha512-/Eaoq+QyLSiXQ4lyYV23f14mZRQcXnxfHrN0vCai+ak9G0pp9iEQukIIZq5NccEvwRB8PUnZT0KsOoDCINS1qQ==}
    engines: {node: '>=18'}
    dependencies:
      yocto-queue: 1.0.0
    dev: false

  /pocketbase@0.21.3:
    resolution: {integrity: sha512-bsQRZ1mj4dhPJ4P5iSrDqWQtBX2NtuBkf6IOZwTv27zZOw6zrISgo963i5JD/99qKKD5aMSMDPGk1BE9ZyI7Cg==}
    dev: false

  /typescript@5.5.2:
    resolution: {integrity: sha512-NcRtPEOsPFFWjobJEtfihkLCZCXZt/os3zf8nTxjVH3RvTSxjrCamJpbExGvYOF+tFHc3pA65qpdwPbzjohhew==}
    engines: {node: '>=14.17'}
    hasBin: true
    dev: true

  /yocto-queue@1.0.0:
    resolution: {integrity: sha512-9bnSc/HEW2uRy67wc+T8UwauLuPJVn28jb+GtJY16iiKWyvmYJRXVT4UamsAEGQfPohgr2q4Tq0sQbQlxTfi1g==}
    engines: {node: '>=12.20'}
    dev: false
